
Microsoft Visual Studio Solution File, Format Version 12.00
# Visual Studio Version 17
VisualStudioVersion = 17.3.32825.248
MinimumVisualStudioVersion = 10.0.40219.1
Project("{FAE04EC0-301F-11D3-BF4B-00C04F79EFBC}") = "7 exercicio", "7 exercicio\7 exercicio.csproj", "{5A6048DE-85D2-4229-B2EE-F43A22AA1E60}"
EndProject
Global
	GlobalSection(SolutionConfigurationPlatforms) = preSolution
		Debug|Any CPU = Debug|Any CPU
		Release|Any CPU = Release|Any CPU
	EndGlobalSection
	GlobalSection(ProjectConfigurationPlatforms) = postSolution
		{5A6048DE-85D2-4229-B2EE-F43A22AA1E60}.Debug|Any CPU.ActiveCfg = Debug|Any CPU
		{5A6048DE-85D2-4229-B2EE-F43A22AA1E60}.Debug|Any CPU.Build.0 = Debug|Any CPU
		{5A6048DE-85D2-4229-B2EE-F43A22AA1E60}.Release|Any CPU.ActiveCfg = Release|Any CPU
		{5A6048DE-85D2-4229-B2EE-F43A22AA1E60}.Release|Any CPU.Build.0 = Release|Any CPU
	EndGlobalSection
	GlobalSection(SolutionProperties) = preSolution
		HideSolutionNode = FALSE
	EndGlobalSection
	GlobalSection(ExtensibilityGlobals) = postSolution
		SolutionGuid = {C7246BDD-54B8-45AB-AF7D-DD2D2F5BC020}
	EndGlobalSection
EndGlobal
